{
  "version": 4,
  "terraform_version": "1.9.8",
  "serial": 57,
  "lineage": "b9d70a53-80af-69de-f161-a97368280b3a",
  "outputs": {
    "direct_ec2_access": {
      "value": "http://54.170.2.35:8000",
      "type": "string"
    },
    "instance_public_ip": {
      "value": "54.170.2.35",
      "type": "string"
    },
    "ssh_command": {
      "value": "ssh -i tfg-key.pem ec2-user@54.170.2.35",
      "type": "string"
    },
    "vpc_id": {
      "value": "vpc-0cb768985cdddeb14",
      "type": "string"
    }
  },
  "resources": [
    {
      "mode": "managed",
      "type": "aws_instance",
      "name": "web_instance",
      "provider": "provider[\"registry.terraform.io/hashicorp/aws\"]",
      "instances": [
        {
          "schema_version": 1,
          "attributes": {
            "ami": "ami-02141377eee7defb9",
            "arn": "arn:aws:ec2:eu-west-1:586794460474:instance/i-0b1e84f70697b0a51",
            "associate_public_ip_address": true,
            "availability_zone": "eu-west-1a",
            "capacity_reservation_specification": [
              {
                "capacity_reservation_preference": "open",
                "capacity_reservation_target": []
              }
            ],
            "cpu_core_count": 1,
            "cpu_options": [
              {
                "amd_sev_snp": "",
                "core_count": 1,
                "threads_per_core": 1
              }
            ],
            "cpu_threads_per_core": 1,
            "credit_specification": [
              {
                "cpu_credits": "standard"
              }
            ],
            "disable_api_stop": false,
            "disable_api_termination": false,
            "ebs_block_device": [],
            "ebs_optimized": false,
            "enable_primary_ipv6": null,
            "enclave_options": [
              {
                "enabled": false
              }
            ],
            "ephemeral_block_device": [],
            "get_password_data": false,
            "hibernation": false,
            "host_id": "",
            "host_resource_group_arn": null,
            "iam_instance_profile": "",
            "id": "i-0b1e84f70697b0a51",
            "instance_initiated_shutdown_behavior": "stop",
            "instance_lifecycle": "",
            "instance_market_options": [],
            "instance_state": "running",
            "instance_type": "t2.micro",
            "ipv6_address_count": 0,
            "ipv6_addresses": [],
            "key_name": "tfg-key",
            "launch_template": [],
            "maintenance_options": [
              {
                "auto_recovery": "default"
              }
            ],
            "metadata_options": [
              {
                "http_endpoint": "enabled",
                "http_protocol_ipv6": "disabled",
                "http_put_response_hop_limit": 2,
                "http_tokens": "required",
                "instance_metadata_tags": "disabled"
              }
            ],
            "monitoring": false,
            "network_interface": [],
            "outpost_arn": "",
            "password_data": "",
            "placement_group": "",
            "placement_partition_number": 0,
            "primary_network_interface_id": "eni-0571b6486e3e95a01",
            "private_dns": "ip-10-0-0-6.eu-west-1.compute.internal",
            "private_dns_name_options": [
              {
                "enable_resource_name_dns_a_record": false,
                "enable_resource_name_dns_aaaa_record": false,
                "hostname_type": "ip-name"
              }
            ],
            "private_ip": "10.0.0.6",
            "public_dns": "ec2-54-170-2-35.eu-west-1.compute.amazonaws.com",
            "public_ip": "54.170.2.35",
            "root_block_device": [
              {
                "delete_on_termination": true,
                "device_name": "/dev/xvda",
                "encrypted": false,
                "iops": 3000,
                "kms_key_id": "",
                "tags": {},
                "tags_all": {},
                "throughput": 125,
                "volume_id": "vol-031f1ace36535b70c",
                "volume_size": 8,
                "volume_type": "gp3"
              }
            ],
            "secondary_private_ips": [],
            "security_groups": [],
            "source_dest_check": true,
            "spot_instance_request_id": "",
            "subnet_id": "subnet-013737ea4d0f4668b",
            "tags": {
              "Name": "tfg-deno-ec2"
            },
            "tags_all": {
              "Name": "tfg-deno-ec2"
            },
            "tenancy": "default",
            "timeouts": null,
            "user_data": null,
            "user_data_base64": "IyEvYmluL2Jhc2gKCmV4ZWMgPiA+KHRlZSAvdmFyL2xvZy91c2VyLWRhdGEubG9nKSAyPiYxCnNldCAtZQoKZWNobyAiPT09IFVTRVIgREFUQSBTQ1JJUFQgU1RBUlRFRCA9PT0iCgojIFVwZGF0ZSAKZG5mIHVwZGF0ZSAteSAtLWFsbG93ZXJhc2luZyAtLXNraXAtYnJva2VuIHx8IGVjaG8gIlVwZGF0ZSBjb21wbGV0ZWQgd2l0aCB3YXJuaW5ncyIKCiMgSW5zdGFsbCBkZXBlbmRlbmNpZXMKZG5mIGluc3RhbGwgLXkgZ2l0IGN1cmwgdW56aXAgdGFyIC0tYWxsb3dlcmFzaW5nCgojIEluc3RhbGwKY2QgL29wdApjdXJsIC1mc1NMIGh0dHBzOi8vZGVuby5sYW5kL3gvaW5zdGFsbC9pbnN0YWxsLnNoIC1vIGluc3RhbGxfZGVuby5zaApjaG1vZCAreCBpbnN0YWxsX2Rlbm8uc2gKREVOT19JTlNUQUxMPS9vcHQvZGVubyAuL2luc3RhbGxfZGVuby5zaAplY2hvICdleHBvcnQgREVOT19JTlNUQUxMPS9vcHQvZGVubycgPj4gL2V0Yy9wcm9maWxlCmVjaG8gJ2V4cG9ydCBQQVRIPSRERU5PX0lOU1RBTEwvYmluOiRQQVRIJyA+PiAvZXRjL3Byb2ZpbGUKZXhwb3J0IERFTk9fSU5TVEFMTD0vb3B0L2Rlbm8KZXhwb3J0IFBBVEg9JERFTk9fSU5TVEFMTC9iaW46JFBBVEgKCiMgQ2xvbmUgdGhlIG5ldyBwcm9qZWN0CmdpdCBjbG9uZSBodHRwczovL2dpdGh1Yi5jb20vcm9kcmlnb2ZibW0vY3VybHktb2N0by1jb21wdXRpbmctbWFjaGluZS5naXQgL2hvbWUvZWMyLXVzZXIvYXBwCmNob3duIC1SIGVjMi11c2VyOmVjMi11c2VyIC9ob21lL2VjMi11c2VyL2FwcAoKIyBEZW5vIGFwcApjYXQgPDxFT0YgPiAvZXRjL3N5c3RlbWQvc3lzdGVtL2Rlbm8tYXBwLnNlcnZpY2UKW1VuaXRdCkRlc2NyaXB0aW9uPURlbm8gV2ViIEFwcApBZnRlcj1uZXR3b3JrLnRhcmdldAoKW1NlcnZpY2VdClVzZXI9ZWMyLXVzZXIKV29ya2luZ0RpcmVjdG9yeT0vaG9tZS9lYzItdXNlci9hcHAKRW52aXJvbm1lbnQ9UEFUSD0vb3B0L2Rlbm8vYmluOi91c3IvbG9jYWwvYmluOi91c3IvYmluOi9iaW4KRW52aXJvbm1lbnQ9RlJFU0hfSE9TVD0wLjAuMC4wCkV4ZWNTdGFydD0vb3B0L2Rlbm8vYmluL2Rlbm8gdGFzayBzdGFydApSZXN0YXJ0PWFsd2F5cwoKW0luc3RhbGxdCldhbnRlZEJ5PW11bHRpLXVzZXIudGFyZ2V0CkVPRgoKIyBTdGFydCBzZXJ2aWNlCnN5c3RlbWN0bCBkYWVtb24tcmVleGVjCnN5c3RlbWN0bCBkYWVtb24tcmVsb2FkCnN5c3RlbWN0bCBlbmFibGUgZGVuby1hcHAuc2VydmljZQpzeXN0ZW1jdGwgc3RhcnQgZGVuby1hcHAuc2VydmljZQoKZWNobyAiPT09IFVTRVIgREFUQSBTQ1JJUFQgQ09NUExFVEVEID09PSIK",
            "user_data_replace_on_change": false,
            "volume_tags": null,
            "vpc_security_group_ids": [
              "sg-090f638e90a5f86d1"
            ]
          },
          "sensitive_attributes": [],
          "private": "eyJlMmJmYjczMC1lY2FhLTExZTYtOGY4OC0zNDM2M2JjN2M0YzAiOnsiY3JlYXRlIjo2MDAwMDAwMDAwMDAsImRlbGV0ZSI6MTIwMDAwMDAwMDAwMCwicmVhZCI6OTAwMDAwMDAwMDAwLCJ1cGRhdGUiOjYwMDAwMDAwMDAwMH0sInNjaGVtYV92ZXJzaW9uIjoiMSJ9",
          "dependencies": [
            "aws_security_group.instance_sg",
            "aws_subnet.public_subnet_1",
            "aws_vpc.vpc"
          ],
          "create_before_destroy": true
        }
      ]
    },
    {
      "mode": "managed",
      "type": "aws_internet_gateway",
      "name": "gateway",
      "provider": "provider[\"registry.terraform.io/hashicorp/aws\"]",
      "instances": [
        {
          "schema_version": 0,
          "attributes": {
            "arn": "arn:aws:ec2:eu-west-1:586794460474:internet-gateway/igw-0b0dba1a3b9d3b3b1",
            "id": "igw-0b0dba1a3b9d3b3b1",
            "owner_id": "586794460474",
            "tags": {},
            "tags_all": {},
            "timeouts": null,
            "vpc_id": "vpc-0cb768985cdddeb14"
          },
          "sensitive_attributes": [],
          "private": "eyJlMmJmYjczMC1lY2FhLTExZTYtOGY4OC0zNDM2M2JjN2M0YzAiOnsiY3JlYXRlIjoxMjAwMDAwMDAwMDAwLCJkZWxldGUiOjEyMDAwMDAwMDAwMDAsInVwZGF0ZSI6MTIwMDAwMDAwMDAwMH19",
          "dependencies": [
            "aws_vpc.vpc"
          ]
        }
      ]
    },
    {
      "mode": "managed",
      "type": "aws_route_table",
      "name": "public_rt",
      "provider": "provider[\"registry.terraform.io/hashicorp/aws\"]",
      "instances": [
        {
          "schema_version": 0,
          "attributes": {
            "arn": "arn:aws:ec2:eu-west-1:586794460474:route-table/rtb-0068ac8ecccc4706d",
            "id": "rtb-0068ac8ecccc4706d",
            "owner_id": "586794460474",
            "propagating_vgws": [],
            "route": [
              {
                "carrier_gateway_id": "",
                "cidr_block": "0.0.0.0/0",
                "core_network_arn": "",
                "destination_prefix_list_id": "",
                "egress_only_gateway_id": "",
                "gateway_id": "igw-0b0dba1a3b9d3b3b1",
                "ipv6_cidr_block": "",
                "local_gateway_id": "",
                "nat_gateway_id": "",
                "network_interface_id": "",
                "transit_gateway_id": "",
                "vpc_endpoint_id": "",
                "vpc_peering_connection_id": ""
              }
            ],
            "tags": {},
            "tags_all": {},
            "timeouts": null,
            "vpc_id": "vpc-0cb768985cdddeb14"
          },
          "sensitive_attributes": [],
          "private": "eyJlMmJmYjczMC1lY2FhLTExZTYtOGY4OC0zNDM2M2JjN2M0YzAiOnsiY3JlYXRlIjozMDAwMDAwMDAwMDAsImRlbGV0ZSI6MzAwMDAwMDAwMDAwLCJ1cGRhdGUiOjEyMDAwMDAwMDAwMH19",
          "dependencies": [
            "aws_internet_gateway.gateway",
            "aws_vpc.vpc"
          ]
        }
      ]
    },
    {
      "mode": "managed",
      "type": "aws_route_table_association",
      "name": "rt_assoc_1",
      "provider": "provider[\"registry.terraform.io/hashicorp/aws\"]",
      "instances": [
        {
          "schema_version": 0,
          "attributes": {
            "gateway_id": "",
            "id": "rtbassoc-07cd324ff592bf2e8",
            "route_table_id": "rtb-0068ac8ecccc4706d",
            "subnet_id": "subnet-013737ea4d0f4668b",
            "timeouts": null
          },
          "sensitive_attributes": [],
          "private": "eyJlMmJmYjczMC1lY2FhLTExZTYtOGY4OC0zNDM2M2JjN2M0YzAiOnsiY3JlYXRlIjozMDAwMDAwMDAwMDAsImRlbGV0ZSI6MzAwMDAwMDAwMDAwLCJ1cGRhdGUiOjEyMDAwMDAwMDAwMH19",
          "dependencies": [
            "aws_internet_gateway.gateway",
            "aws_route_table.public_rt",
            "aws_subnet.public_subnet_1",
            "aws_vpc.vpc"
          ]
        }
      ]
    },
    {
      "mode": "managed",
      "type": "aws_security_group",
      "name": "instance_sg",
      "provider": "provider[\"registry.terraform.io/hashicorp/aws\"]",
      "instances": [
        {
          "schema_version": 1,
          "attributes": {
            "arn": "arn:aws:ec2:eu-west-1:586794460474:security-group/sg-090f638e90a5f86d1",
            "description": "Managed by Terraform",
            "egress": [
              {
                "cidr_blocks": [
                  "0.0.0.0/0"
                ],
                "description": "",
                "from_port": 0,
                "ipv6_cidr_blocks": [],
                "prefix_list_ids": [],
                "protocol": "-1",
                "security_groups": [],
                "self": false,
                "to_port": 0
              }
            ],
            "id": "sg-090f638e90a5f86d1",
            "ingress": [
              {
                "cidr_blocks": [
                  "2.155.93.197/32"
                ],
                "description": "SSH access from my IP only",
                "from_port": 22,
                "ipv6_cidr_blocks": [],
                "prefix_list_ids": [],
                "protocol": "tcp",
                "security_groups": [],
                "self": false,
                "to_port": 22
              }
            ],
            "name": "instance-sg",
            "name_prefix": "",
            "owner_id": "586794460474",
            "revoke_rules_on_delete": false,
            "tags": {
              "Name": "instance-sg"
            },
            "tags_all": {
              "Name": "instance-sg"
            },
            "timeouts": null,
            "vpc_id": "vpc-0cb768985cdddeb14"
          },
          "sensitive_attributes": [],
          "private": "eyJlMmJmYjczMC1lY2FhLTExZTYtOGY4OC0zNDM2M2JjN2M0YzAiOnsiY3JlYXRlIjo2MDAwMDAwMDAwMDAsImRlbGV0ZSI6OTAwMDAwMDAwMDAwfSwic2NoZW1hX3ZlcnNpb24iOiIxIn0=",
          "dependencies": [
            "aws_vpc.vpc"
          ]
        }
      ]
    },
    {
      "mode": "managed",
      "type": "aws_subnet",
      "name": "public_subnet_1",
      "provider": "provider[\"registry.terraform.io/hashicorp/aws\"]",
      "instances": [
        {
          "schema_version": 1,
          "attributes": {
            "arn": "arn:aws:ec2:eu-west-1:586794460474:subnet/subnet-013737ea4d0f4668b",
            "assign_ipv6_address_on_creation": false,
            "availability_zone": "eu-west-1a",
            "availability_zone_id": "euw1-az2",
            "cidr_block": "10.0.0.0/27",
            "customer_owned_ipv4_pool": "",
            "enable_dns64": false,
            "enable_lni_at_device_index": 0,
            "enable_resource_name_dns_a_record_on_launch": false,
            "enable_resource_name_dns_aaaa_record_on_launch": false,
            "id": "subnet-013737ea4d0f4668b",
            "ipv6_cidr_block": "",
            "ipv6_cidr_block_association_id": "",
            "ipv6_native": false,
            "map_customer_owned_ip_on_launch": false,
            "map_public_ip_on_launch": true,
            "outpost_arn": "",
            "owner_id": "586794460474",
            "private_dns_hostname_type_on_launch": "ip-name",
            "tags": {},
            "tags_all": {},
            "timeouts": null,
            "vpc_id": "vpc-0cb768985cdddeb14"
          },
          "sensitive_attributes": [],
          "private": "eyJlMmJmYjczMC1lY2FhLTExZTYtOGY4OC0zNDM2M2JjN2M0YzAiOnsiY3JlYXRlIjo2MDAwMDAwMDAwMDAsImRlbGV0ZSI6MTIwMDAwMDAwMDAwMH0sInNjaGVtYV92ZXJzaW9uIjoiMSJ9",
          "dependencies": [
            "aws_vpc.vpc"
          ],
          "create_before_destroy": true
        }
      ]
    },
    {
      "mode": "managed",
      "type": "aws_vpc",
      "name": "vpc",
      "provider": "provider[\"registry.terraform.io/hashicorp/aws\"]",
      "instances": [
        {
          "schema_version": 1,
          "attributes": {
            "arn": "arn:aws:ec2:eu-west-1:586794460474:vpc/vpc-0cb768985cdddeb14",
            "assign_generated_ipv6_cidr_block": false,
            "cidr_block": "10.0.0.0/16",
            "default_network_acl_id": "acl-09831181acc1e2647",
            "default_route_table_id": "rtb-0a6a061ffca348824",
            "default_security_group_id": "sg-096e5081d1c4786e0",
            "dhcp_options_id": "dopt-0ad4c8c9d6b3ca24e",
            "enable_dns_hostnames": true,
            "enable_dns_support": true,
            "enable_network_address_usage_metrics": false,
            "id": "vpc-0cb768985cdddeb14",
            "instance_tenancy": "default",
            "ipv4_ipam_pool_id": null,
            "ipv4_netmask_length": null,
            "ipv6_association_id": "",
            "ipv6_cidr_block": "",
            "ipv6_cidr_block_network_border_group": "",
            "ipv6_ipam_pool_id": "",
            "ipv6_netmask_length": 0,
            "main_route_table_id": "rtb-0a6a061ffca348824",
            "owner_id": "586794460474",
            "tags": {
              "Name": "tfg-vpc"
            },
            "tags_all": {
              "Name": "tfg-vpc"
            }
          },
          "sensitive_attributes": [],
          "private": "eyJzY2hlbWFfdmVyc2lvbiI6IjEifQ==",
          "create_before_destroy": true
        }
      ]
    }
  ],
  "check_results": null
}
